
Microsoft Visual Studio Solution File, Format Version 12.00
# Visual Studio Version 17
VisualStudioVersion = 17.8.34408.163
MinimumVisualStudioVersion = 10.0.40219.1
Project("{FAE04EC0-301F-11D3-BF4B-00C04F79EFBC}") = "Setul2", "Setul2.csproj", "{51EE53A7-F06D-4D36-A324-D0607E0C263A}"
EndProject
Global
	GlobalSection(SolutionConfigurationPlatforms) = preSolution
		Debug|Any CPU = Debug|Any CPU
		Release|Any CPU = Release|Any CPU
	EndGlobalSection
	GlobalSection(ProjectConfigurationPlatforms) = postSolution
		{51EE53A7-F06D-4D36-A324-D0607E0C263A}.Debug|Any CPU.ActiveCfg = Debug|Any CPU
		{51EE53A7-F06D-4D36-A324-D0607E0C263A}.Debug|Any CPU.Build.0 = Debug|Any CPU
		{51EE53A7-F06D-4D36-A324-D0607E0C263A}.Release|Any CPU.ActiveCfg = Release|Any CPU
		{51EE53A7-F06D-4D36-A324-D0607E0C263A}.Release|Any CPU.Build.0 = Release|Any CPU
	EndGlobalSection
	GlobalSection(SolutionProperties) = preSolution
		HideSolutionNode = FALSE
	EndGlobalSection
	GlobalSection(ExtensibilityGlobals) = postSolution
		SolutionGuid = {FC02E7CA-77AE-4A9D-A35D-386BBE1D1EB6}
	EndGlobalSection
EndGlobal
